# THIS IS AN AUTOGENERATED FILE. DO NOT EDIT THIS FILE DIRECTLY.
# yarn lockfile v1


"@types/webpack-env@^1.13.6":
  version "1.13.6"
  resolved "https://registry.yarnpkg.com/@types/webpack-env/-/webpack-env-1.13.6.tgz#128d1685a7c34d31ed17010fc87d6a12c1de6976"
  integrity sha512-5Th3OsZ4gTRdr9Mho83BQ23cex4sRhOR4XTG+m+cJc0FhtUBK9Vn62hBJ+pnQYnSxoPOsKoAPOx6FcphxBC8ng==

tslint-config-prettier@^1.15.0:
  version "1.15.0"
  resolved "https://registry.yarnpkg.com/tslint-config-prettier/-/tslint-config-prettier-1.15.0.tgz#76b9714399004ab6831fdcf76d89b73691c812cf"
  integrity sha512-06CgrHJxJmNYVgsmeMoa1KXzQRoOdvfkqnJth6XUkNeOz707qxN0WfxfhYwhL5kXHHbYJRby2bqAPKwThlZPhw==
